
Microsoft Visual Studio Solution File, Format Version 12.00
# Visual Studio Version 17
VisualStudioVersion = 17.0.31912.275
MinimumVisualStudioVersion = 10.0.40219.1
Project("{FAE04EC0-301F-11D3-BF4B-00C04F79EFBC}") = "OOP1.1", "OOP1.1\OOP1.1.csproj", "{3A1D2BBB-04A6-43B7-984F-0286DD6A1269}"
EndProject
Global
	GlobalSection(SolutionConfigurationPlatforms) = preSolution
		Debug|Any CPU = Debug|Any CPU
		Release|Any CPU = Release|Any CPU
	EndGlobalSection
	GlobalSection(ProjectConfigurationPlatforms) = postSolution
		{3A1D2BBB-04A6-43B7-984F-0286DD6A1269}.Debug|Any CPU.ActiveCfg = Debug|Any CPU
		{3A1D2BBB-04A6-43B7-984F-0286DD6A1269}.Debug|Any CPU.Build.0 = Debug|Any CPU
		{3A1D2BBB-04A6-43B7-984F-0286DD6A1269}.Release|Any CPU.ActiveCfg = Release|Any CPU
		{3A1D2BBB-04A6-43B7-984F-0286DD6A1269}.Release|Any CPU.Build.0 = Release|Any CPU
	EndGlobalSection
	GlobalSection(SolutionProperties) = preSolution
		HideSolutionNode = FALSE
	EndGlobalSection
	GlobalSection(ExtensibilityGlobals) = postSolution
		SolutionGuid = {743BF2B6-7073-4FB0-82CF-F64CF24CCE4F}
	EndGlobalSection
EndGlobal
